
Microsoft Visual Studio Solution File, Format Version 12.00
# Visual Studio 15
VisualStudioVersion = 15.0.28010.2048
MinimumVisualStudioVersion = 10.0.40219.1
Project("{FAE04EC0-301F-11D3-BF4B-00C04F79EFBC}") = "GrapeServer", "GrapeServer\GrapeServer.csproj", "{456CDEB1-DAEB-483A-B781-B01C135B87A1}"
EndProject
Global
	GlobalSection(SolutionConfigurationPlatforms) = preSolution
		Debug|Any CPU = Debug|Any CPU
		Release|Any CPU = Release|Any CPU
	EndGlobalSection
	GlobalSection(ProjectConfigurationPlatforms) = postSolution
		{456CDEB1-DAEB-483A-B781-B01C135B87A1}.Debug|Any CPU.ActiveCfg = Debug|Any CPU
		{456CDEB1-DAEB-483A-B781-B01C135B87A1}.Debug|Any CPU.Build.0 = Debug|Any CPU
		{456CDEB1-DAEB-483A-B781-B01C135B87A1}.Release|Any CPU.ActiveCfg = Release|Any CPU
		{456CDEB1-DAEB-483A-B781-B01C135B87A1}.Release|Any CPU.Build.0 = Release|Any CPU
	EndGlobalSection
	GlobalSection(SolutionProperties) = preSolution
		HideSolutionNode = FALSE
	EndGlobalSection
	GlobalSection(ExtensibilityGlobals) = postSolution
		SolutionGuid = {45AF1F3C-750C-4EE7-9C88-FFB7793724B8}
	EndGlobalSection
EndGlobal
